
Microsoft Visual Studio Solution File, Format Version 12.00
# Visual Studio Version 17
VisualStudioVersion = 17.4.33213.308
MinimumVisualStudioVersion = 10.0.40219.1
Project("{FAE04EC0-301F-11D3-BF4B-00C04F79EFBC}") = "API", "API.csproj", "{29C3196E-4B3C-43A0-A686-AEF93478675A}"
EndProject
Global
	GlobalSection(SolutionConfigurationPlatforms) = preSolution
		Debug|Any CPU = Debug|Any CPU
		Release|Any CPU = Release|Any CPU
	EndGlobalSection
	GlobalSection(ProjectConfigurationPlatforms) = postSolution
		{29C3196E-4B3C-43A0-A686-AEF93478675A}.Debug|Any CPU.ActiveCfg = Debug|Any CPU
		{29C3196E-4B3C-43A0-A686-AEF93478675A}.Debug|Any CPU.Build.0 = Debug|Any CPU
		{29C3196E-4B3C-43A0-A686-AEF93478675A}.Release|Any CPU.ActiveCfg = Release|Any CPU
		{29C3196E-4B3C-43A0-A686-AEF93478675A}.Release|Any CPU.Build.0 = Release|Any CPU
	EndGlobalSection
	GlobalSection(SolutionProperties) = preSolution
		HideSolutionNode = FALSE
	EndGlobalSection
	GlobalSection(ExtensibilityGlobals) = postSolution
		SolutionGuid = {C4090DCE-BA0F-4761-96A4-2F6C9831EBE4}
	EndGlobalSection
EndGlobal
